
Microsoft Visual Studio Solution File, Format Version 12.00
# Visual Studio Version 17
VisualStudioVersion = 17.5.33627.172
MinimumVisualStudioVersion = 10.0.40219.1
Project("{9A19103F-16F7-4668-BE54-9A1E7A4F7556}") = "Login dan Register Project PBO A", "Login dan Register Project PBO A.csproj", "{B77013C7-D0D3-4ED1-999F-F23A93A597F1}"
EndProject
Global
	GlobalSection(SolutionConfigurationPlatforms) = preSolution
		Debug|Any CPU = Debug|Any CPU
		Release|Any CPU = Release|Any CPU
	EndGlobalSection
	GlobalSection(ProjectConfigurationPlatforms) = postSolution
		{B77013C7-D0D3-4ED1-999F-F23A93A597F1}.Debug|Any CPU.ActiveCfg = Debug|Any CPU
		{B77013C7-D0D3-4ED1-999F-F23A93A597F1}.Debug|Any CPU.Build.0 = Debug|Any CPU
		{B77013C7-D0D3-4ED1-999F-F23A93A597F1}.Release|Any CPU.ActiveCfg = Release|Any CPU
		{B77013C7-D0D3-4ED1-999F-F23A93A597F1}.Release|Any CPU.Build.0 = Release|Any CPU
	EndGlobalSection
	GlobalSection(SolutionProperties) = preSolution
		HideSolutionNode = FALSE
	EndGlobalSection
	GlobalSection(ExtensibilityGlobals) = postSolution
		SolutionGuid = {7DA3C4BE-9BD6-4437-9903-E135D97A8B93}
	EndGlobalSection
EndGlobal
